
Microsoft Visual Studio Solution File, Format Version 12.00
# Visual Studio Version 17
VisualStudioVersion = 17.11.35327.3
MinimumVisualStudioVersion = 10.0.40219.1
Project("{9A19103F-16F7-4668-BE54-9A1E7A4F7556}") = "APICatalogo", "APICatalogo\APICatalogo.csproj", "{CA16A8DC-919F-4F2F-B617-E520BFF55974}"
EndProject
Project("{FAE04EC0-301F-11D3-BF4B-00C04F79EFBC}") = "ApiCatalogoxUnitTestes", "ApiCatalogoxUnitTestes\ApiCatalogoxUnitTestes.csproj", "{2E728488-C70D-4208-AE4D-98E491054637}"
	ProjectSection(ProjectDependencies) = postProject
		{CA16A8DC-919F-4F2F-B617-E520BFF55974} = {CA16A8DC-919F-4F2F-B617-E520BFF55974}
	EndProjectSection
EndProject
Global
	GlobalSection(SolutionConfigurationPlatforms) = preSolution
		Debug|Any CPU = Debug|Any CPU
		Release|Any CPU = Release|Any CPU
	EndGlobalSection
	GlobalSection(ProjectConfigurationPlatforms) = postSolution
		{CA16A8DC-919F-4F2F-B617-E520BFF55974}.Debug|Any CPU.ActiveCfg = Debug|Any CPU
		{CA16A8DC-919F-4F2F-B617-E520BFF55974}.Debug|Any CPU.Build.0 = Debug|Any CPU
		{CA16A8DC-919F-4F2F-B617-E520BFF55974}.Release|Any CPU.ActiveCfg = Release|Any CPU
		{CA16A8DC-919F-4F2F-B617-E520BFF55974}.Release|Any CPU.Build.0 = Release|Any CPU
		{2E728488-C70D-4208-AE4D-98E491054637}.Debug|Any CPU.ActiveCfg = Debug|Any CPU
		{2E728488-C70D-4208-AE4D-98E491054637}.Debug|Any CPU.Build.0 = Debug|Any CPU
		{2E728488-C70D-4208-AE4D-98E491054637}.Release|Any CPU.ActiveCfg = Release|Any CPU
		{2E728488-C70D-4208-AE4D-98E491054637}.Release|Any CPU.Build.0 = Release|Any CPU
	EndGlobalSection
	GlobalSection(SolutionProperties) = preSolution
		HideSolutionNode = FALSE
	EndGlobalSection
	GlobalSection(ExtensibilityGlobals) = postSolution
		SolutionGuid = {7BFB157F-FF4C-4C82-9276-ACCB8AAAE027}
	EndGlobalSection
EndGlobal
